
Microsoft Visual Studio Solution File, Format Version 12.00
# Visual Studio Version 17
VisualStudioVersion = 17.3.32811.315
MinimumVisualStudioVersion = 10.0.40219.1
Project("{2150E333-8FDC-42A3-9474-1A3956D46DE8}") = "Server", "Server", "{5960EA89-CB95-49C4-9C2E-6ABA52459CB9}"
EndProject
Project("{2150E333-8FDC-42A3-9474-1A3956D46DE8}") = "Client", "Client", "{FB034707-21AC-45A4-9333-281A36B492C8}"
EndProject
Project("{FAE04EC0-301F-11D3-BF4B-00C04F79EFBC}") = "WCFService.Host", "WCFService.Host\WCFService.Host.csproj", "{87CF3A93-14C2-431C-BA14-095DB51F95DE}"
EndProject
Project("{FAE04EC0-301F-11D3-BF4B-00C04F79EFBC}") = "WCFService", "WCFService\WCFService.csproj", "{DDA7AB10-5D71-49C2-8A3E-F178996D5D61}"
EndProject
Global
	GlobalSection(SolutionConfigurationPlatforms) = preSolution
		Debug|Any CPU = Debug|Any CPU
		Release|Any CPU = Release|Any CPU
	EndGlobalSection
	GlobalSection(ProjectConfigurationPlatforms) = postSolution
		{87CF3A93-14C2-431C-BA14-095DB51F95DE}.Debug|Any CPU.ActiveCfg = Debug|Any CPU
		{87CF3A93-14C2-431C-BA14-095DB51F95DE}.Debug|Any CPU.Build.0 = Debug|Any CPU
		{87CF3A93-14C2-431C-BA14-095DB51F95DE}.Release|Any CPU.ActiveCfg = Release|Any CPU
		{87CF3A93-14C2-431C-BA14-095DB51F95DE}.Release|Any CPU.Build.0 = Release|Any CPU
		{DDA7AB10-5D71-49C2-8A3E-F178996D5D61}.Debug|Any CPU.ActiveCfg = Debug|Any CPU
		{DDA7AB10-5D71-49C2-8A3E-F178996D5D61}.Debug|Any CPU.Build.0 = Debug|Any CPU
		{DDA7AB10-5D71-49C2-8A3E-F178996D5D61}.Release|Any CPU.ActiveCfg = Release|Any CPU
		{DDA7AB10-5D71-49C2-8A3E-F178996D5D61}.Release|Any CPU.Build.0 = Release|Any CPU
	EndGlobalSection
	GlobalSection(SolutionProperties) = preSolution
		HideSolutionNode = FALSE
	EndGlobalSection
	GlobalSection(NestedProjects) = preSolution
		{87CF3A93-14C2-431C-BA14-095DB51F95DE} = {5960EA89-CB95-49C4-9C2E-6ABA52459CB9}
		{DDA7AB10-5D71-49C2-8A3E-F178996D5D61} = {5960EA89-CB95-49C4-9C2E-6ABA52459CB9}
	EndGlobalSection
	GlobalSection(ExtensibilityGlobals) = postSolution
		SolutionGuid = {A636385D-781D-4BAD-9675-E230971AF442}
	EndGlobalSection
EndGlobal
