
Microsoft Visual Studio Solution File, Format Version 12.00
# Visual Studio Version 16
VisualStudioVersion = 16.0.32630.194
MinimumVisualStudioVersion = 10.0.40219.1
Project("{2150E333-8FDC-42A3-9474-1A3956D46DE8}") = "Server", "Server", "{5960EA89-CB95-49C4-9C2E-6ABA52459CB9}"
EndProject
Project("{2150E333-8FDC-42A3-9474-1A3956D46DE8}") = "Client", "Client", "{FB034707-21AC-45A4-9333-281A36B492C8}"
EndProject
Project("{FAE04EC0-301F-11D3-BF4B-00C04F79EFBC}") = "WCFService.Host", "WCFService.Host\WCFService.Host.csproj", "{87CF3A93-14C2-431C-BA14-095DB51F95DE}"
EndProject
Project("{FAE04EC0-301F-11D3-BF4B-00C04F79EFBC}") = "WCFService", "WCFService\WCFService.csproj", "{DDA7AB10-5D71-49C2-8A3E-F178996D5D61}"
EndProject
Project("{FAE04EC0-301F-11D3-BF4B-00C04F79EFBC}") = "WCFService.Client", "WCFService.Client\WCFService.Client.csproj", "{3F5A7FAB-54B8-4054-980B-3142463D6D94}"
EndProject
Project("{E24C65DC-7377-472B-9ABA-BC803B73C61A}") = "WCFService.IISHost", "WCFService.IISHost\", "{7C8B6EF7-86F3-4427-B96D-B756FF52E639}"
	ProjectSection(WebsiteProperties) = preProject
		TargetFrameworkMoniker = ".NETFramework,Version%3Dv4.7.2"
		ProjectReferences = "{dda7ab10-5d71-49c2-8a3e-f178996d5d61}|WCFService.dll;"
		Debug.AspNetCompiler.VirtualPath = "/localhost_63342"
		Debug.AspNetCompiler.PhysicalPath = "WCFService.IISHost\"
		Debug.AspNetCompiler.TargetPath = "PrecompiledWeb\localhost_63342\"
		Debug.AspNetCompiler.Updateable = "true"
		Debug.AspNetCompiler.ForceOverwrite = "true"
		Debug.AspNetCompiler.FixedNames = "false"
		Debug.AspNetCompiler.Debug = "True"
		Release.AspNetCompiler.VirtualPath = "/localhost_63342"
		Release.AspNetCompiler.PhysicalPath = "WCFService.IISHost\"
		Release.AspNetCompiler.TargetPath = "PrecompiledWeb\localhost_63342\"
		Release.AspNetCompiler.Updateable = "true"
		Release.AspNetCompiler.ForceOverwrite = "true"
		Release.AspNetCompiler.FixedNames = "false"
		Release.AspNetCompiler.Debug = "False"
		VWDPort = "63342"
		SlnRelativePath = "WCFService.IISHost\"
		DefaultWebSiteLanguage = "Visual C#"
	EndProjectSection
EndProject
Project("{FAE04EC0-301F-11D3-BF4B-00C04F79EFBC}") = "WCFService.Client2", "WCFService.Client2\WCFService.Client2.csproj", "{4CD79D3F-F709-4FA8-B0C3-6DA7F2584F1F}"
	ProjectSection(ProjectDependencies) = postProject
		{7C8B6EF7-86F3-4427-B96D-B756FF52E639} = {7C8B6EF7-86F3-4427-B96D-B756FF52E639}
	EndProjectSection
EndProject
Project("{FAE04EC0-301F-11D3-BF4B-00C04F79EFBC}") = "WCFService.WindowsServiceHost", "WCFService.WindowsServiceHost\WCFService.WindowsServiceHost.csproj", "{5570C684-F043-42BC-A7EF-A096038CC6E0}"
EndProject
Project("{FAE04EC0-301F-11D3-BF4B-00C04F79EFBC}") = "WCFService.Client3", "WCFService.Client3\WCFService.Client3.csproj", "{87170213-37B5-4191-B6BD-94F4E4042089}"
EndProject
Global
	GlobalSection(SolutionConfigurationPlatforms) = preSolution
		Debug|Any CPU = Debug|Any CPU
		Release|Any CPU = Release|Any CPU
	EndGlobalSection
	GlobalSection(ProjectConfigurationPlatforms) = postSolution
		{87CF3A93-14C2-431C-BA14-095DB51F95DE}.Debug|Any CPU.ActiveCfg = Debug|Any CPU
		{87CF3A93-14C2-431C-BA14-095DB51F95DE}.Debug|Any CPU.Build.0 = Debug|Any CPU
		{87CF3A93-14C2-431C-BA14-095DB51F95DE}.Release|Any CPU.ActiveCfg = Release|Any CPU
		{87CF3A93-14C2-431C-BA14-095DB51F95DE}.Release|Any CPU.Build.0 = Release|Any CPU
		{DDA7AB10-5D71-49C2-8A3E-F178996D5D61}.Debug|Any CPU.ActiveCfg = Debug|Any CPU
		{DDA7AB10-5D71-49C2-8A3E-F178996D5D61}.Debug|Any CPU.Build.0 = Debug|Any CPU
		{DDA7AB10-5D71-49C2-8A3E-F178996D5D61}.Release|Any CPU.ActiveCfg = Release|Any CPU
		{DDA7AB10-5D71-49C2-8A3E-F178996D5D61}.Release|Any CPU.Build.0 = Release|Any CPU
		{3F5A7FAB-54B8-4054-980B-3142463D6D94}.Debug|Any CPU.ActiveCfg = Debug|Any CPU
		{3F5A7FAB-54B8-4054-980B-3142463D6D94}.Debug|Any CPU.Build.0 = Debug|Any CPU
		{3F5A7FAB-54B8-4054-980B-3142463D6D94}.Release|Any CPU.ActiveCfg = Release|Any CPU
		{3F5A7FAB-54B8-4054-980B-3142463D6D94}.Release|Any CPU.Build.0 = Release|Any CPU
		{7C8B6EF7-86F3-4427-B96D-B756FF52E639}.Debug|Any CPU.ActiveCfg = Debug|Any CPU
		{7C8B6EF7-86F3-4427-B96D-B756FF52E639}.Debug|Any CPU.Build.0 = Debug|Any CPU
		{7C8B6EF7-86F3-4427-B96D-B756FF52E639}.Release|Any CPU.ActiveCfg = Debug|Any CPU
		{7C8B6EF7-86F3-4427-B96D-B756FF52E639}.Release|Any CPU.Build.0 = Debug|Any CPU
		{4CD79D3F-F709-4FA8-B0C3-6DA7F2584F1F}.Debug|Any CPU.ActiveCfg = Debug|Any CPU
		{4CD79D3F-F709-4FA8-B0C3-6DA7F2584F1F}.Debug|Any CPU.Build.0 = Debug|Any CPU
		{4CD79D3F-F709-4FA8-B0C3-6DA7F2584F1F}.Release|Any CPU.ActiveCfg = Release|Any CPU
		{4CD79D3F-F709-4FA8-B0C3-6DA7F2584F1F}.Release|Any CPU.Build.0 = Release|Any CPU
		{5570C684-F043-42BC-A7EF-A096038CC6E0}.Debug|Any CPU.ActiveCfg = Debug|Any CPU
		{5570C684-F043-42BC-A7EF-A096038CC6E0}.Debug|Any CPU.Build.0 = Debug|Any CPU
		{5570C684-F043-42BC-A7EF-A096038CC6E0}.Release|Any CPU.ActiveCfg = Release|Any CPU
		{5570C684-F043-42BC-A7EF-A096038CC6E0}.Release|Any CPU.Build.0 = Release|Any CPU
		{87170213-37B5-4191-B6BD-94F4E4042089}.Debug|Any CPU.ActiveCfg = Debug|Any CPU
		{87170213-37B5-4191-B6BD-94F4E4042089}.Debug|Any CPU.Build.0 = Debug|Any CPU
		{87170213-37B5-4191-B6BD-94F4E4042089}.Release|Any CPU.ActiveCfg = Release|Any CPU
		{87170213-37B5-4191-B6BD-94F4E4042089}.Release|Any CPU.Build.0 = Release|Any CPU
	EndGlobalSection
	GlobalSection(SolutionProperties) = preSolution
		HideSolutionNode = FALSE
	EndGlobalSection
	GlobalSection(NestedProjects) = preSolution
		{87CF3A93-14C2-431C-BA14-095DB51F95DE} = {5960EA89-CB95-49C4-9C2E-6ABA52459CB9}
		{DDA7AB10-5D71-49C2-8A3E-F178996D5D61} = {5960EA89-CB95-49C4-9C2E-6ABA52459CB9}
		{3F5A7FAB-54B8-4054-980B-3142463D6D94} = {FB034707-21AC-45A4-9333-281A36B492C8}
		{7C8B6EF7-86F3-4427-B96D-B756FF52E639} = {5960EA89-CB95-49C4-9C2E-6ABA52459CB9}
		{4CD79D3F-F709-4FA8-B0C3-6DA7F2584F1F} = {FB034707-21AC-45A4-9333-281A36B492C8}
		{5570C684-F043-42BC-A7EF-A096038CC6E0} = {5960EA89-CB95-49C4-9C2E-6ABA52459CB9}
		{87170213-37B5-4191-B6BD-94F4E4042089} = {FB034707-21AC-45A4-9333-281A36B492C8}
	EndGlobalSection
	GlobalSection(ExtensibilityGlobals) = postSolution
		SolutionGuid = {A636385D-781D-4BAD-9675-E230971AF442}
	EndGlobalSection
EndGlobal
